
Microsoft Visual Studio Solution File, Format Version 12.00
# Visual Studio 15
VisualStudioVersion = 15.0.28010.2036
MinimumVisualStudioVersion = 10.0.40219.1
Project("{9A19103F-16F7-4668-BE54-9A1E7A4F7556}") = "Nop.Core", "..\nopCommerce_4.10_Source\Libraries\Nop.Core\Nop.Core.csproj", "{2DC245E8-FE32-4752-98A0-4E3C34651FFC}"
EndProject
Project("{9A19103F-16F7-4668-BE54-9A1E7A4F7556}") = "Nop.Data", "..\nopCommerce_4.10_Source\Libraries\Nop.Data\Nop.Data.csproj", "{A7643DA9-4D10-4BA4-B9BB-87A2B6F6C60C}"
EndProject
Project("{9A19103F-16F7-4668-BE54-9A1E7A4F7556}") = "Nop.Services", "..\nopCommerce_4.10_Source\Libraries\Nop.Services\Nop.Services.csproj", "{1E79B896-9F30-4992-ACE8-139E8C921193}"
EndProject
Project("{9A19103F-16F7-4668-BE54-9A1E7A4F7556}") = "AO.FrilivTransfers", "AO.FrilivTransfers\AO.FrilivTransfers.csproj", "{ED8A4A1F-872B-4C09-B607-1CC6D0CC4BFC}"
EndProject
Global
	GlobalSection(SolutionConfigurationPlatforms) = preSolution
		Debug|Any CPU = Debug|Any CPU
		Release|Any CPU = Release|Any CPU
	EndGlobalSection
	GlobalSection(ProjectConfigurationPlatforms) = postSolution
		{2DC245E8-FE32-4752-98A0-4E3C34651FFC}.Debug|Any CPU.ActiveCfg = Debug|Any CPU
		{2DC245E8-FE32-4752-98A0-4E3C34651FFC}.Debug|Any CPU.Build.0 = Debug|Any CPU
		{2DC245E8-FE32-4752-98A0-4E3C34651FFC}.Release|Any CPU.ActiveCfg = Release|Any CPU
		{2DC245E8-FE32-4752-98A0-4E3C34651FFC}.Release|Any CPU.Build.0 = Release|Any CPU
		{A7643DA9-4D10-4BA4-B9BB-87A2B6F6C60C}.Debug|Any CPU.ActiveCfg = Debug|Any CPU
		{A7643DA9-4D10-4BA4-B9BB-87A2B6F6C60C}.Debug|Any CPU.Build.0 = Debug|Any CPU
		{A7643DA9-4D10-4BA4-B9BB-87A2B6F6C60C}.Release|Any CPU.ActiveCfg = Release|Any CPU
		{A7643DA9-4D10-4BA4-B9BB-87A2B6F6C60C}.Release|Any CPU.Build.0 = Release|Any CPU
		{1E79B896-9F30-4992-ACE8-139E8C921193}.Debug|Any CPU.ActiveCfg = Debug|Any CPU
		{1E79B896-9F30-4992-ACE8-139E8C921193}.Debug|Any CPU.Build.0 = Debug|Any CPU
		{1E79B896-9F30-4992-ACE8-139E8C921193}.Release|Any CPU.ActiveCfg = Release|Any CPU
		{1E79B896-9F30-4992-ACE8-139E8C921193}.Release|Any CPU.Build.0 = Release|Any CPU
		{ED8A4A1F-872B-4C09-B607-1CC6D0CC4BFC}.Debug|Any CPU.ActiveCfg = Debug|Any CPU
		{ED8A4A1F-872B-4C09-B607-1CC6D0CC4BFC}.Debug|Any CPU.Build.0 = Debug|Any CPU
		{ED8A4A1F-872B-4C09-B607-1CC6D0CC4BFC}.Release|Any CPU.ActiveCfg = Release|Any CPU
		{ED8A4A1F-872B-4C09-B607-1CC6D0CC4BFC}.Release|Any CPU.Build.0 = Release|Any CPU
	EndGlobalSection
	GlobalSection(SolutionProperties) = preSolution
		HideSolutionNode = FALSE
	EndGlobalSection
	GlobalSection(ExtensibilityGlobals) = postSolution
		SolutionGuid = {10DC0726-736E-4140-8948-CF85B0B48765}
	EndGlobalSection
EndGlobal
